
Microsoft Visual Studio Solution File, Format Version 12.00
# Visual Studio Version 17
VisualStudioVersion = 17.14.36811.4 d17.14
MinimumVisualStudioVersion = 10.0.40219.1
Project("{FAE04EC0-301F-11D3-BF4B-00C04F79EFBC}") = "C#_TaskArray", "C#_TaskArray\C#_TaskArray.csproj", "{ABDE6AE6-124D-41F9-BAC7-64E774CC0BC7}"
EndProject
Global
	GlobalSection(SolutionConfigurationPlatforms) = preSolution
		Debug|Any CPU = Debug|Any CPU
		Release|Any CPU = Release|Any CPU
	EndGlobalSection
	GlobalSection(ProjectConfigurationPlatforms) = postSolution
		{ABDE6AE6-124D-41F9-BAC7-64E774CC0BC7}.Debug|Any CPU.ActiveCfg = Debug|Any CPU
		{ABDE6AE6-124D-41F9-BAC7-64E774CC0BC7}.Debug|Any CPU.Build.0 = Debug|Any CPU
		{ABDE6AE6-124D-41F9-BAC7-64E774CC0BC7}.Release|Any CPU.ActiveCfg = Release|Any CPU
		{ABDE6AE6-124D-41F9-BAC7-64E774CC0BC7}.Release|Any CPU.Build.0 = Release|Any CPU
	EndGlobalSection
	GlobalSection(SolutionProperties) = preSolution
		HideSolutionNode = FALSE
	EndGlobalSection
	GlobalSection(ExtensibilityGlobals) = postSolution
		SolutionGuid = {B0A044EB-1072-42E2-ADBD-C0D6ABDCD9F8}
	EndGlobalSection
EndGlobal
